
Microsoft Visual Studio Solution File, Format Version 12.00
# Visual Studio 14
VisualStudioVersion = 14.0.25420.1
MinimumVisualStudioVersion = 10.0.40219.1
Project("{FAE04EC0-301F-11D3-BF4B-00C04F79EFBC}") = "GameBois", "GameBois\GameBois\GameBois.csproj", "{329A8569-C8BD-46BF-98E3-7DC4A5F1081B}"
EndProject
Project("{96E2B04D-8817-42C6-938A-82C39BA4D311}") = "GameBoisContent", "GameBois\GameBoisContent\GameBoisContent.contentproj", "{D72DC9D4-6967-4B17-AF9D-CC5DEABE6C74}"
EndProject
Global
	GlobalSection(SolutionConfigurationPlatforms) = preSolution
		Debug|Any CPU = Debug|Any CPU
		Debug|x86 = Debug|x86
		Release|Any CPU = Release|Any CPU
		Release|x86 = Release|x86
	EndGlobalSection
	GlobalSection(ProjectConfigurationPlatforms) = postSolution
		{329A8569-C8BD-46BF-98E3-7DC4A5F1081B}.Debug|Any CPU.ActiveCfg = Debug|x86
		{329A8569-C8BD-46BF-98E3-7DC4A5F1081B}.Debug|x86.ActiveCfg = Debug|x86
		{329A8569-C8BD-46BF-98E3-7DC4A5F1081B}.Debug|x86.Build.0 = Debug|x86
		{329A8569-C8BD-46BF-98E3-7DC4A5F1081B}.Release|Any CPU.ActiveCfg = Release|x86
		{329A8569-C8BD-46BF-98E3-7DC4A5F1081B}.Release|x86.ActiveCfg = Release|x86
		{329A8569-C8BD-46BF-98E3-7DC4A5F1081B}.Release|x86.Build.0 = Release|x86
		{D72DC9D4-6967-4B17-AF9D-CC5DEABE6C74}.Debug|Any CPU.ActiveCfg = Debug|x86
		{D72DC9D4-6967-4B17-AF9D-CC5DEABE6C74}.Debug|x86.ActiveCfg = Debug|x86
		{D72DC9D4-6967-4B17-AF9D-CC5DEABE6C74}.Release|Any CPU.ActiveCfg = Release|x86
		{D72DC9D4-6967-4B17-AF9D-CC5DEABE6C74}.Release|x86.ActiveCfg = Release|x86
	EndGlobalSection
	GlobalSection(SolutionProperties) = preSolution
		HideSolutionNode = FALSE
	EndGlobalSection
EndGlobal
